# This file is automatically @generated by Cargo.
# It is not intended for manual editing.
version = 3

[[package]]
name = "anyhow"
version = "1.0.86"

[[package]]
name = "criterion"
version = "0.5.1"

[[package]]
name = "sentiment-infer"
version = "4.3.1"
dependencies = [
 "anyhow",
 "criterion",
 "serde",
 "serde_yaml",
 "toml",
]

[[package]]
name = "serde"
version = "1.0.203"

[[package]]
name = "serde_yaml"
version = "0.9.34"

[[package]]
name = "toml"
version = "0.8.14"
