{
  "packages": [
    {
      "name": "zlib",
      "releases": [
        {
          "version": "1.2.11",
          "deps": []
        },
        {
          "version": "1.2.13",
          "deps": []
        }
      ]
    },
    {
      "name": "libssl",
      "releases": [
        {
          "version": "1.1.1",
          "deps": [
            {
              "name": "zlib",
              "constraint": ">=1.2.11"
            }
          ]
        },
        {
          "version": "3.0.2",
          "deps": [
            {
              "name": "zlib",
              "constraint": ">=1.2.13"
            }
          ]
        }
      ]
    },
    {
      "name": "libpng",
      "releases": [
        {
          "version": "1.6.37",
          "deps": [
            {
              "name": "zlib",
              "constraint": ">=1.2.13"
            }
          ]
        },
        {
          "version": "1.6.40",
          "deps": [
            {
              "name": "zlib",
              "constraint": ">=1.2.13"
            }
          ]
        }
      ]
    },
    {
      "name": "curl",
      "releases": [
        {
          "version": "7.80.0",
          "deps": [
            {
              "name": "libssl",
              "constraint": ">=1.1.1"
            },
            {
              "name": "zlib",
              "constraint": ">=1.2.11"
            }
          ]
        },
        {
          "version": "8.5.0",
          "deps": [
            {
              "name": "libssl",
              "constraint": ">=3.0.0"
            },
            {
              "name": "zlib",
              "constraint": ">=1.2.11"
            }
          ]
        }
      ]
    },
    {
      "name": "pcre2",
      "releases": [
        {
          "version": "10.40",
          "deps": []
        },
        {
          "version": "10.42",
          "deps": []
        }
      ]
    },
    {
      "name": "libxml2",
      "releases": [
        {
          "version": "2.9.14",
          "deps": [
            {
              "name": "zlib",
              "constraint": ">=1.2.11"
            },
            {
              "name": "libpng",
              "constraint": ">=1.6.37"
            }
          ]
        },
        {
          "version": "2.11.5",
          "deps": [
            {
              "name": "zlib",
              "constraint": ">=1.2.13"
            },
            {
              "name": "libpng",
              "constraint": ">=1.6.40"
            }
          ]
        }
      ]
    },
    {
      "name": "openjdk-libs",
      "releases": [
        {
          "version": "11.0.20",
          "deps": [
            {
              "name": "zlib",
              "constraint": ">=1.2.11"
            }
          ]
        },
        {
          "version": "17.0.9",
          "deps": [
            {
              "name": "zlib",
              "constraint": ">=1.2.11"
            }
          ]
        }
      ]
    },
    {
      "name": "cacert",
      "releases": [
        {
          "version": "2023.01.10",
          "deps": []
        }
      ]
    },
    {
      "name": "bzip2",
      "releases": [
        {
          "version": "1.0.8",
          "deps": []
        }
      ]
    },
    {
      "name": "icu",
      "releases": [
        {
          "version": "70.1",
          "deps": []
        },
        {
          "version": "72.1",
          "deps": []
        },
        {
          "version": "74.1",
          "deps": []
        }
      ]
    },
    {
      "name": "boost",
      "releases": [
        {
          "version": "1.80.0",
          "deps": [
            {
              "name": "icu",
              "constraint": ">=70.1"
            }
          ]
        },
        {
          "version": "1.83.0",
          "deps": [
            {
              "name": "icu",
              "constraint": ">=72.1"
            }
          ]
        },
        {
          "version": "1.85.0",
          "deps": [
            {
              "name": "icu",
              "constraint": ">=74.1"
            }
          ]
        }
      ]
    },
    {
      "name": "arrow",
      "releases": [
        {
          "version": "12.0.0",
          "deps": [
            {
              "name": "boost",
              "constraint": ">=1.80.0"
            }
          ]
        },
        {
          "version": "14.0.0",
          "deps": [
            {
              "name": "boost",
              "constraint": ">=1.83.0"
            }
          ]
        },
        {
          "version": "16.0.0",
          "deps": [
            {
              "name": "boost",
              "constraint": ">=1.85.0"
            }
          ]
        }
      ]
    },
    {
      "name": "libjpeg-turbo",
      "releases": [
        {
          "version": "2.1.5",
          "deps": [
            {
              "name": "zlib",
              "constraint": ">=1.2.13"
            }
          ]
        },
        {
          "version": "3.0.1",
          "deps": [
            {
              "name": "zlib",
              "constraint": ">=1.2.13"
            }
          ],
          "conflicts": [
            {
              "name": "zlib",
              "constraint": "<1.2.11"
            }
          ]
        }
      ]
    },
    {
      "name": "libwebp",
      "releases": [
        {
          "version": "1.2.4",
          "deps": [
            {
              "name": "libjpeg-turbo",
              "constraint": ">=2.1.0"
            }
          ]
        },
        {
          "version": "1.3.2",
          "deps": [
            {
              "name": "libjpeg-turbo",
              "constraint": ">=3.0.0"
            }
          ],
          "conflicts": [
            {
              "name": "libpng",
              "constraint": "<1.6.40"
            }
          ]
        }
      ]
    },
    {
      "name": "imaging",
      "releases": [
        {
          "version": "4.0.0",
          "deps": [
            {
              "name": "libwebp",
              "constraint": ">=1.2.0"
            }
          ]
        },
        {
          "version": "5.0.0",
          "deps": [
            {
              "name": "libwebp",
              "constraint": ">=1.3.0"
            }
          ]
        }
      ]
    },
    {
      "name": "indexer",
      "releases": [
        {
          "version": "1.0.0",
          "deps": [
            {
              "name": "tokenizer",
              "constraint": ">=1.0.0,<2.0.0 | >=3.0.0,<4.0.0"
            }
          ],
          "extras": {
            "fast": [
              {
                "name": "simd-lib",
                "constraint": ">=2.0.0"
              }
            ],
            "cache": [
              {
                "name": "lru-cache",
                "constraint": ">=1.0.0"
              }
            ]
          }
        },
        {
          "version": "2.0.0",
          "deps": [
            {
              "name": "tokenizer",
              "constraint": ">=5.0.0"
            }
          ]
        }
      ]
    },
    {
      "name": "tokenizer",
      "releases": [
        {
          "version": "1.5.0",
          "deps": []
        },
        {
          "version": "3.2.0",
          "deps": []
        },
        {
          "version": "5.1.0",
          "deps": []
        }
      ]
    },
    {
      "name": "collector",
      "releases": [
        {
          "version": "1.0.0",
          "deps": [
            {
              "name": "analyzer",
              "constraint": ">=1.0.0,<2.0.0 | >=4.0.0"
            }
          ]
        },
        {
          "version": "2.0.0",
          "deps": [
            {
              "name": "analyzer",
              "constraint": ">=4.0.0"
            }
          ]
        }
      ]
    },
    {
      "name": "analyzer",
      "releases": [
        {
          "version": "1.5.0",
          "deps": []
        },
        {
          "version": "2.4.0",
          "deps": []
        },
        {
          "version": "4.1.0",
          "deps": []
        }
      ]
    },
    {
      "name": "re2",
      "releases": [
        {
          "version": "1.9.0",
          "deps": []
        },
        {
          "version": "2.3.0",
          "deps": []
        },
        {
          "version": "2.7.0",
          "deps": []
        }
      ]
    },
    {
      "name": "protobuf",
      "releases": [
        {
          "version": "3.20.0",
          "deps": []
        },
        {
          "version": "3.21.3",
          "deps": []
        },
        {
          "version": "4.0.0",
          "deps": []
        }
      ]
    },
    {
      "name": "grpc",
      "releases": [
        {
          "version": "1.60.0",
          "deps": [
            {
              "name": "protobuf",
              "constraint": "~= 3.20"
            }
          ]
        },
        {
          "version": "2.0.0",
          "deps": [
            {
              "name": "protobuf",
              "constraint": "~= 4.0"
            }
          ]
        }
      ]
    },
    {
      "name": "capnproto",
      "releases": [
        {
          "version": "0.9.0",
          "deps": []
        },
        {
          "version": "0.10.0",
          "deps": []
        },
        {
          "version": "0.11.0",
          "deps": []
        }
      ]
    },
    {
      "name": "lz4",
      "releases": [
        {
          "version": "1.9.4",
          "deps": [],
          "conflicts": [
            {
              "name": "libssl",
              "constraint": "*"
            }
          ],
          "provides": [
            {
              "virtual": "compress-lib",
              "version": "1.0"
            }
          ]
        },
        {
          "version": "2.0.0",
          "deps": [
            {
              "name": "zlib",
              "constraint": ">=1.2.13"
            }
          ],
          "conflicts": [
            {
              "name": "libssl",
              "constraint": "<3.0.0"
            }
          ],
          "provides": [
            {
              "virtual": "compress-lib",
              "version": "2.0"
            }
          ]
        }
      ]
    },
    {
      "name": "zstd",
      "releases": [
        {
          "version": "1.5.5",
          "deps": [
            {
              "name": "zlib",
              "constraint": ">=1.2.11"
            }
          ],
          "conflicts": [],
          "provides": [
            {
              "virtual": "compress-lib",
              "version": "1.5"
            }
          ]
        }
      ]
    },
    {
      "name": "xxhash",
      "releases": [
        {
          "version": "3.5.0",
          "deps": [],
          "conflicts": [
            {
              "name": "libssl",
              "constraint": "<2.0.0"
            }
          ],
          "provides": [
            {
              "virtual": "hash-lib",
              "version": "3.5"
            }
          ]
        },
        {
          "version": "4.0.0",
          "deps": [
            {
              "name": "zlib",
              "constraint": ">=1.3.0"
            }
          ],
          "conflicts": [],
          "provides": [
            {
              "virtual": "hash-lib",
              "version": "4.0"
            }
          ]
        }
      ]
    },
    {
      "name": "murmur3",
      "releases": [
        {
          "version": "2.0.0",
          "deps": [],
          "conflicts": [],
          "provides": [
            {
              "virtual": "hash-lib",
              "version": "2.0"
            }
          ]
        },
        {
          "version": "3.1.0",
          "deps": [],
          "conflicts": [],
          "provides": [
            {
              "virtual": "hash-lib",
              "version": "3.1"
            }
          ]
        }
      ]
    },
    {
      "name": "simd-lib",
      "releases": [
        {
          "version": "2.0.0",
          "deps": [],
          "conflicts": []
        },
        {
          "version": "3.0.0",
          "deps": [
            {
              "name": "vecmath",
              "constraint": ">=4.0"
            }
          ],
          "conflicts": []
        }
      ]
    },
    {
      "name": "lru-cache",
      "releases": [
        {
          "version": "1.5.0",
          "deps": [],
          "conflicts": []
        },
        {
          "version": "2.0.0",
          "deps": [],
          "conflicts": [
            {
              "name": "tokenizer",
              "constraint": "<4.0.0"
            }
          ]
        }
      ]
    },
    {
      "name": "vecmath",
      "releases": [
        {
          "version": "5.0.0",
          "deps": [
            {
              "name": "cpuflags",
              "constraint": ">=2.0"
            }
          ],
          "conflicts": []
        },
        {
          "version": "4.5.0",
          "deps": [],
          "conflicts": [
            {
              "name": "libssl",
              "constraint": "<2.0.0"
            }
          ]
        },
        {
          "version": "4.2.0",
          "deps": [],
          "conflicts": []
        }
      ]
    },
    {
      "name": "cpuflags",
      "releases": [
        {
          "version": "1.2.0",
          "deps": [],
          "conflicts": []
        }
      ]
    },
    {
      "name": "arena",
      "releases": [
        {
          "version": "1.0.0",
          "deps": [],
          "conflicts": []
        },
        {
          "version": "2.0.0",
          "deps": [],
          "conflicts": []
        },
        {
          "version": "2.5.0",
          "deps": [],
          "conflicts": []
        }
      ]
    },
    {
      "name": "mmapfs",
      "releases": [
        {
          "version": "1.0.0",
          "deps": [],
          "conflicts": []
        },
        {
          "version": "2.0.0",
          "deps": [],
          "conflicts": [
            {
              "name": "arena",
              "constraint": ">=2.0.0 ; when curl ==8.5.0"
            }
          ]
        }
      ]
    },
    {
      "name": "ringbuf",
      "releases": [
        {
          "version": "1.0.0",
          "deps": [],
          "conflicts": []
        },
        {
          "version": "2.0.0",
          "deps": [],
          "conflicts": [
            {
              "name": "slab",
              "constraint": ">=3.0.0 ; when curl ==7.80.0"
            }
          ]
        }
      ]
    },
    {
      "name": "slab",
      "releases": [
        {
          "version": "2.0.0",
          "deps": [],
          "conflicts": []
        },
        {
          "version": "3.0.0",
          "deps": [],
          "conflicts": []
        },
        {
          "version": "3.5.0",
          "deps": [],
          "conflicts": []
        }
      ]
    },
    {
      "name": "codecpad",
      "releases": [
        {
          "version": "2.4.0",
          "deps": [
            {
              "name": "framebuf",
              "constraint": ">=2.0.0,<3.0.0"
            }
          ],
          "conflicts": []
        },
        {
          "version": "1!1.0.0",
          "deps": [
            {
              "name": "framebuf",
              "constraint": ">=3.0.0"
            }
          ],
          "conflicts": []
        },
        {
          "version": "1!1.2.0",
          "deps": [
            {
              "name": "framebuf",
              "constraint": ">=3.0.0"
            }
          ],
          "conflicts": []
        }
      ]
    },
    {
      "name": "framebuf",
      "releases": [
        {
          "version": "2.5.0",
          "deps": [],
          "conflicts": []
        },
        {
          "version": "3.2.0",
          "deps": [],
          "conflicts": []
        }
      ]
    },
    {
      "name": "abi-shim",
      "releases": [
        {
          "version": "1.0.0",
          "deps": []
        },
        {
          "version": "2.0.0",
          "deps": []
        }
      ]
    },
    {
      "name": "zvfs",
      "releases": [
        {
          "version": "1.0.0",
          "deps": [],
          "conflicts": [
            {
              "name": "abi-shim",
              "constraint": ">=2.0.0"
            }
          ]
        }
      ]
    },
    {
      "name": "authgate",
      "releases": [
        {
          "version": "1.0.0",
          "deps": [
            {
              "name": "authtoken",
              "constraint": ">=1.0.0"
            }
          ],
          "conflicts": [
            {
              "name": "authtoken",
              "constraint": ">=2.0.0"
            }
          ]
        }
      ]
    },
    {
      "name": "authtoken",
      "releases": [
        {
          "version": "1.5.0",
          "deps": []
        },
        {
          "version": "2.0.0",
          "deps": [
            {
              "name": "auditlog",
              "constraint": ">=1.0.0"
            }
          ]
        }
      ]
    },
    {
      "name": "auditlog",
      "releases": [
        {
          "version": "1.0.0",
          "deps": []
        }
      ]
    },
    {
      "name": "svc-core",
      "releases": [
        {
          "version": "1.0.0",
          "deps": [
            {
              "name": "addon-x",
              "constraint": ">=1.0.0 ; when curl ==7.80.0"
            },
            {
              "name": "addon-y",
              "constraint": ">=1.0.0 ; when curl ==8.5.0"
            }
          ]
        }
      ]
    },
    {
      "name": "addon-x",
      "releases": [
        {
          "version": "1.0.0",
          "deps": []
        }
      ]
    },
    {
      "name": "addon-y",
      "releases": [
        {
          "version": "1.0.0",
          "deps": []
        }
      ]
    },
    {
      "name": "gate-svc",
      "releases": [
        {
          "version": "1.0.0",
          "deps": [],
          "conflicts": []
        },
        {
          "version": "2.0.0",
          "deps": [],
          "conflicts": []
        }
      ]
    },
    {
      "name": "beacon",
      "releases": [
        {
          "version": "1.0.0",
          "deps": [
            {
              "name": "helper-a",
              "constraint": ">=1.0.0 ; when gate-svc ==2.0.0"
            },
            {
              "name": "helper-b",
              "constraint": ">=1.0.0 ; when gate-svc ==1.0.0"
            }
          ],
          "conflicts": []
        }
      ]
    },
    {
      "name": "helper-a",
      "releases": [
        {
          "version": "1.0.0",
          "deps": [],
          "conflicts": [
            {
              "name": "gate-svc",
              "constraint": ">=2.0.0"
            }
          ]
        }
      ]
    },
    {
      "name": "helper-b",
      "releases": [
        {
          "version": "1.0.0",
          "deps": [],
          "conflicts": []
        }
      ]
    },
    {
      "name": "netpivot",
      "releases": [
        {
          "version": "1.0.0",
          "deps": [],
          "conflicts": []
        },
        {
          "version": "2.0.0",
          "deps": [],
          "conflicts": []
        }
      ]
    },
    {
      "name": "relaymgr",
      "releases": [
        {
          "version": "1.0.0",
          "deps": [
            {
              "name": "probe-x",
              "constraint": ">=1.0.0 ; when netpivot ==2.0.0"
            },
            {
              "name": "probe-y",
              "constraint": ">=1.0.0 ; when netpivot ==1.0.0"
            }
          ],
          "conflicts": []
        }
      ]
    },
    {
      "name": "probe-x",
      "releases": [
        {
          "version": "1.0.0",
          "deps": [
            {
              "name": "linkmod",
              "constraint": ">=1.0.0"
            }
          ],
          "conflicts": []
        }
      ]
    },
    {
      "name": "probe-y",
      "releases": [
        {
          "version": "1.0.0",
          "deps": [],
          "conflicts": []
        }
      ]
    },
    {
      "name": "linkmod",
      "releases": [
        {
          "version": "1.0.0",
          "deps": [],
          "conflicts": [
            {
              "name": "netpivot",
              "constraint": ">=2.0.0"
            }
          ]
        }
      ]
    }
  ]
}
